
Microsoft Visual Studio Solution File, Format Version 12.00
# Visual Studio Version 17
VisualStudioVersion = 17.8.34330.188
MinimumVisualStudioVersion = 10.0.40219.1
Project("{FAE04EC0-301F-11D3-BF4B-00C04F79EFBC}") = "ProSoft.UI", "ProSoft.UI\ProSoft.UI.csproj", "{DC5D2CAA-FB71-4A75-9BB3-08DC6938F66C}"
EndProject
Project("{FAE04EC0-301F-11D3-BF4B-00C04F79EFBC}") = "ProSoft.EF", "ProSoft.EF\ProSoft.EF.csproj", "{F6DCE6E1-40D5-4453-8AAF-7566D17D5085}"
EndProject
Project("{FAE04EC0-301F-11D3-BF4B-00C04F79EFBC}") = "ProSoft.Core", "ProSoft.Core\ProSoft.Core.csproj", "{90208196-B0A7-4F74-87EA-F3E9216D203E}"
EndProject
Global
	GlobalSection(SolutionConfigurationPlatforms) = preSolution
		Debug|Any CPU = Debug|Any CPU
		Release|Any CPU = Release|Any CPU
	EndGlobalSection
	GlobalSection(ProjectConfigurationPlatforms) = postSolution
		{DC5D2CAA-FB71-4A75-9BB3-08DC6938F66C}.Debug|Any CPU.ActiveCfg = Debug|Any CPU
		{DC5D2CAA-FB71-4A75-9BB3-08DC6938F66C}.Debug|Any CPU.Build.0 = Debug|Any CPU
		{DC5D2CAA-FB71-4A75-9BB3-08DC6938F66C}.Release|Any CPU.ActiveCfg = Release|Any CPU
		{DC5D2CAA-FB71-4A75-9BB3-08DC6938F66C}.Release|Any CPU.Build.0 = Release|Any CPU
		{F6DCE6E1-40D5-4453-8AAF-7566D17D5085}.Debug|Any CPU.ActiveCfg = Debug|Any CPU
		{F6DCE6E1-40D5-4453-8AAF-7566D17D5085}.Debug|Any CPU.Build.0 = Debug|Any CPU
		{F6DCE6E1-40D5-4453-8AAF-7566D17D5085}.Release|Any CPU.ActiveCfg = Release|Any CPU
		{F6DCE6E1-40D5-4453-8AAF-7566D17D5085}.Release|Any CPU.Build.0 = Release|Any CPU
		{90208196-B0A7-4F74-87EA-F3E9216D203E}.Debug|Any CPU.ActiveCfg = Debug|Any CPU
		{90208196-B0A7-4F74-87EA-F3E9216D203E}.Debug|Any CPU.Build.0 = Debug|Any CPU
		{90208196-B0A7-4F74-87EA-F3E9216D203E}.Release|Any CPU.ActiveCfg = Release|Any CPU
		{90208196-B0A7-4F74-87EA-F3E9216D203E}.Release|Any CPU.Build.0 = Release|Any CPU
	EndGlobalSection
	GlobalSection(SolutionProperties) = preSolution
		HideSolutionNode = FALSE
	EndGlobalSection
	GlobalSection(ExtensibilityGlobals) = postSolution
		SolutionGuid = {80056994-585B-4993-A737-539DA92E1076}
	EndGlobalSection
EndGlobal
